
Microsoft Visual Studio Solution File, Format Version 12.00
# Visual Studio Version 17
VisualStudioVersion = 17.4.33110.190
MinimumVisualStudioVersion = 10.0.40219.1
Project("{9A19103F-16F7-4668-BE54-9A1E7A4F7556}") = "Remita.Api", "Remita.API\Remita.Api.csproj", "{C54A55FE-5A68-4954-A4A7-442073AC6618}"
EndProject
Project("{9A19103F-16F7-4668-BE54-9A1E7A4F7556}") = "Remita.Services", "Remita.Service\Remita.Services.csproj", "{AE89E4C6-8452-4D4A-9CA6-0D6239BF1ACF}"
EndProject
Project("{9A19103F-16F7-4668-BE54-9A1E7A4F7556}") = "Remita.Models", "Remita.Models\Remita.Models.csproj", "{62A5FF06-2988-4D26-AAFC-5CC58032F4D8}"
EndProject
Project("{9A19103F-16F7-4668-BE54-9A1E7A4F7556}") = "Remita.Cache", "Remita.Cache\Remita.Cache.csproj", "{370A7956-9B0C-4BCF-AF56-B95F70ADC6A4}"
EndProject
Project("{9A19103F-16F7-4668-BE54-9A1E7A4F7556}") = "Remita.Data", "Remita.Data\Remita.Data.csproj", "{4CFE832D-62BA-443E-B72B-601E23E90490}"
EndProject
Project("{9A19103F-16F7-4668-BE54-9A1E7A4F7556}") = "Remita.Migrations", "Remita.Migrations\Remita.Migrations.csproj", "{B85EAF76-47A2-4929-9DA2-49B1AC0922D8}"
EndProject
Global
	GlobalSection(SolutionConfigurationPlatforms) = preSolution
		Debug|Any CPU = Debug|Any CPU
		Release|Any CPU = Release|Any CPU
	EndGlobalSection
	GlobalSection(ProjectConfigurationPlatforms) = postSolution
		{C54A55FE-5A68-4954-A4A7-442073AC6618}.Debug|Any CPU.ActiveCfg = Debug|Any CPU
		{C54A55FE-5A68-4954-A4A7-442073AC6618}.Debug|Any CPU.Build.0 = Debug|Any CPU
		{C54A55FE-5A68-4954-A4A7-442073AC6618}.Release|Any CPU.ActiveCfg = Release|Any CPU
		{C54A55FE-5A68-4954-A4A7-442073AC6618}.Release|Any CPU.Build.0 = Release|Any CPU
		{AE89E4C6-8452-4D4A-9CA6-0D6239BF1ACF}.Debug|Any CPU.ActiveCfg = Debug|Any CPU
		{AE89E4C6-8452-4D4A-9CA6-0D6239BF1ACF}.Debug|Any CPU.Build.0 = Debug|Any CPU
		{AE89E4C6-8452-4D4A-9CA6-0D6239BF1ACF}.Release|Any CPU.ActiveCfg = Release|Any CPU
		{AE89E4C6-8452-4D4A-9CA6-0D6239BF1ACF}.Release|Any CPU.Build.0 = Release|Any CPU
		{62A5FF06-2988-4D26-AAFC-5CC58032F4D8}.Debug|Any CPU.ActiveCfg = Debug|Any CPU
		{62A5FF06-2988-4D26-AAFC-5CC58032F4D8}.Debug|Any CPU.Build.0 = Debug|Any CPU
		{62A5FF06-2988-4D26-AAFC-5CC58032F4D8}.Release|Any CPU.ActiveCfg = Release|Any CPU
		{62A5FF06-2988-4D26-AAFC-5CC58032F4D8}.Release|Any CPU.Build.0 = Release|Any CPU
		{370A7956-9B0C-4BCF-AF56-B95F70ADC6A4}.Debug|Any CPU.ActiveCfg = Debug|Any CPU
		{370A7956-9B0C-4BCF-AF56-B95F70ADC6A4}.Debug|Any CPU.Build.0 = Debug|Any CPU
		{370A7956-9B0C-4BCF-AF56-B95F70ADC6A4}.Release|Any CPU.ActiveCfg = Release|Any CPU
		{370A7956-9B0C-4BCF-AF56-B95F70ADC6A4}.Release|Any CPU.Build.0 = Release|Any CPU
		{4CFE832D-62BA-443E-B72B-601E23E90490}.Debug|Any CPU.ActiveCfg = Debug|Any CPU
		{4CFE832D-62BA-443E-B72B-601E23E90490}.Debug|Any CPU.Build.0 = Debug|Any CPU
		{4CFE832D-62BA-443E-B72B-601E23E90490}.Release|Any CPU.ActiveCfg = Release|Any CPU
		{4CFE832D-62BA-443E-B72B-601E23E90490}.Release|Any CPU.Build.0 = Release|Any CPU
		{B85EAF76-47A2-4929-9DA2-49B1AC0922D8}.Debug|Any CPU.ActiveCfg = Debug|Any CPU
		{B85EAF76-47A2-4929-9DA2-49B1AC0922D8}.Debug|Any CPU.Build.0 = Debug|Any CPU
		{B85EAF76-47A2-4929-9DA2-49B1AC0922D8}.Release|Any CPU.ActiveCfg = Release|Any CPU
		{B85EAF76-47A2-4929-9DA2-49B1AC0922D8}.Release|Any CPU.Build.0 = Release|Any CPU
	EndGlobalSection
	GlobalSection(SolutionProperties) = preSolution
		HideSolutionNode = FALSE
	EndGlobalSection
	GlobalSection(ExtensibilityGlobals) = postSolution
		SolutionGuid = {CFF3E18C-A511-47E8-8F0E-174BD00E54B9}
	EndGlobalSection
EndGlobal
